{
  "name": "8 Use Type Definitions for Popular Projects on npm with @types",
  "lockfileVersion": 3,
  "requires": true,
  "packages": {
    "": {
      "dependencies": {
        "jquery": "^4.0.0",
        "lodash": "^4.18.1"
      },
      "devDependencies": {
        "@types/jquery": "^4.0.0",
        "@types/lodash": "^4.17.24"
      }
    },
    "node_modules/@types/jquery": {
      "version": "4.0.0",
      "resolved": "https://registry.npmjs.org/@types/jquery/-/jquery-4.0.0.tgz",
      "integrity": "sha512-Z+to+A2VkaHq1DfI2oSwsoCdhCHMpTSgjWzNcbNlRGYzksDBpPUgEcAL+RQjOBJRaLoEAOHXxqDGBVP+BblBwg==",
      "dev": true,
      "license": "MIT"
    },
    "node_modules/@types/lodash": {
      "version": "4.17.24",
      "resolved": "https://registry.npmjs.org/@types/lodash/-/lodash-4.17.24.tgz",
      "integrity": "sha512-gIW7lQLZbue7lRSWEFql49QJJWThrTFFeIMJdp3eH4tKoxm1OvEPg02rm4wCCSHS0cL3/Fizimb35b7k8atwsQ==",
      "dev": true,
      "license": "MIT"
    },
    "node_modules/jquery": {
      "version": "4.0.0",
      "resolved": "https://registry.npmjs.org/jquery/-/jquery-4.0.0.tgz",
      "integrity": "sha512-TXCHVR3Lb6TZdtw1l3RTLf8RBWVGexdxL6AC8/e0xZKEpBflBsjh9/8LXw+dkNFuOyW9B7iB3O1sP7hS0Kiacg==",
      "license": "MIT"
    },
    "node_modules/lodash": {
      "version": "4.18.1",
      "resolved": "https://registry.npmjs.org/lodash/-/lodash-4.18.1.tgz",
      "integrity": "sha512-dMInicTPVE8d1e5otfwmmjlxkZoUpiVLwyeTdUsi/Caj/gfzzblBcCE5sRHV/AsjuCmxWrte2TNGSYuCeCq+0Q==",
      "license": "MIT"
    }
  }
}
